
Microsoft Visual Studio Solution File, Format Version 12.00
Project("{FAE04EC0-301F-11D3-BF4B-00C04F79EFBC}") = "ExamCSharp", "ExamCSharp\ExamCSharp.csproj", "{731B30AC-D80B-4A4B-A24D-FC39C51FD82D}"
EndProject
Global
	GlobalSection(SolutionConfigurationPlatforms) = preSolution
		Debug|Any CPU = Debug|Any CPU
		Release|Any CPU = Release|Any CPU
	EndGlobalSection
	GlobalSection(ProjectConfigurationPlatforms) = postSolution
		{731B30AC-D80B-4A4B-A24D-FC39C51FD82D}.Debug|Any CPU.ActiveCfg = Debug|Any CPU
		{731B30AC-D80B-4A4B-A24D-FC39C51FD82D}.Debug|Any CPU.Build.0 = Debug|Any CPU
		{731B30AC-D80B-4A4B-A24D-FC39C51FD82D}.Release|Any CPU.ActiveCfg = Release|Any CPU
		{731B30AC-D80B-4A4B-A24D-FC39C51FD82D}.Release|Any CPU.Build.0 = Release|Any CPU
	EndGlobalSection
EndGlobal
